{
    "name": "05-proyecto",
    "version": "1.0.0",
    "lockfileVersion": 1,
    "requires": true,
    "dependencies": {
      "libreria-2019b": {
        "version": "1.1.0",
        "resolved": "https://registry.npmjs.org/libreria-2019b/-/libreria-2019b-1.1.0.tgz",
        "integrity": "sha512-8M7iK6HIv/djqoGtuLVxYxx1/BKOfUf0l3V4yo7NDQgW+n8rpMXGP1+blTcd7Vr54yHbTjozNrDo0Gj7xXeUbQ=="
      },
      "libreria_operations": {
        "version": "1.4.0",
        "resolved": "https://registry.npmjs.org/libreria_operations/-/libreria_operations-1.4.0.tgz",
        "integrity": "sha512-1p/d1/BWJNrjLFxeMwWakYvwo0rZKOLAE1j5gEZ3H0T/j6twGLUT6jiVsXt6t+jarknKJoNP6mJeePeL+xUXhQ=="
      }
    }
  }